
Microsoft Visual Studio Solution File, Format Version 12.00
# Visual Studio Version 16
VisualStudioVersion = 16.0.31112.23
MinimumVisualStudioVersion = 10.0.40219.1
Project("{8BC9CEB8-8B4A-11D0-8D11-00A0C91BC942}") = "OVUtility", "OVUtility\OVUtility.vcxproj", "{A9592B40-2082-4895-B946-D6277355B1A2}"
EndProject
Project("{8BC9CEB8-8B4A-11D0-8D11-00A0C91BC942}") = "test_cmd", "test_cmd\test_cmd.vcxproj", "{36D37917-D2FF-45FB-9DFB-63B21393D887}"
EndProject
Project("{8BC9CEB8-8B4A-11D0-8D11-00A0C91BC942}") = "EcvUtility", "..\EcvUtility\EcvUtility.vcxproj", "{73F79E11-379F-4F81-9EDB-7A2912B3349F}"
EndProject
Project("{8BC9CEB8-8B4A-11D0-8D11-00A0C91BC942}") = "test_cmd2", "test_cmd2\test_cmd2.vcxproj", "{70AB6D97-1E9A-4B3D-A22C-78DDD3BAF83A}"
EndProject
Project("{8BC9CEB8-8B4A-11D0-8D11-00A0C91BC942}") = "EcvDIPUtility", "..\EcvDIPUtility\EcvDIPUtility.vcxproj", "{ED698562-AF8A-4224-8DB6-184893276E62}"
EndProject
Project("{8BC9CEB8-8B4A-11D0-8D11-00A0C91BC942}") = "DnnCppflow", "..\DnnCppflow\DnnCppflow.vcxproj", "{15E3BD15-DB51-4D5D-BB97-5EDBEB87F084}"
EndProject
Project("{8BC9CEB8-8B4A-11D0-8D11-00A0C91BC942}") = "DnnCppflow2", "..\DnnCppflow2\DnnCppflow2.vcxproj", "{E75F50A6-0162-4162-89E9-B68070367CC1}"
EndProject
Global
	GlobalSection(SolutionConfigurationPlatforms) = preSolution
		Debug|x64 = Debug|x64
		Debug|x86 = Debug|x86
		Release|x64 = Release|x64
		Release|x86 = Release|x86
		Release440|x64 = Release440|x64
		Release440|x86 = Release440|x86
		Release440D|x64 = Release440D|x64
		Release440D|x86 = Release440D|x86
		ReleaseD|x64 = ReleaseD|x64
		ReleaseD|x86 = ReleaseD|x86
		ReleaseOV|x64 = ReleaseOV|x64
		ReleaseOV|x86 = ReleaseOV|x86
	EndGlobalSection
	GlobalSection(ProjectConfigurationPlatforms) = postSolution
		{A9592B40-2082-4895-B946-D6277355B1A2}.Debug|x64.ActiveCfg = Debug|x64
		{A9592B40-2082-4895-B946-D6277355B1A2}.Debug|x64.Build.0 = Debug|x64
		{A9592B40-2082-4895-B946-D6277355B1A2}.Debug|x86.ActiveCfg = Debug|Win32
		{A9592B40-2082-4895-B946-D6277355B1A2}.Debug|x86.Build.0 = Debug|Win32
		{A9592B40-2082-4895-B946-D6277355B1A2}.Release|x64.ActiveCfg = Release|x64
		{A9592B40-2082-4895-B946-D6277355B1A2}.Release|x64.Build.0 = Release|x64
		{A9592B40-2082-4895-B946-D6277355B1A2}.Release|x86.ActiveCfg = Release|Win32
		{A9592B40-2082-4895-B946-D6277355B1A2}.Release|x86.Build.0 = Release|Win32
		{A9592B40-2082-4895-B946-D6277355B1A2}.Release440|x64.ActiveCfg = Release|x64
		{A9592B40-2082-4895-B946-D6277355B1A2}.Release440|x64.Build.0 = Release|x64
		{A9592B40-2082-4895-B946-D6277355B1A2}.Release440|x86.ActiveCfg = Release|Win32
		{A9592B40-2082-4895-B946-D6277355B1A2}.Release440|x86.Build.0 = Release|Win32
		{A9592B40-2082-4895-B946-D6277355B1A2}.Release440D|x64.ActiveCfg = Release|x64
		{A9592B40-2082-4895-B946-D6277355B1A2}.Release440D|x64.Build.0 = Release|x64
		{A9592B40-2082-4895-B946-D6277355B1A2}.Release440D|x86.ActiveCfg = Release|Win32
		{A9592B40-2082-4895-B946-D6277355B1A2}.Release440D|x86.Build.0 = Release|Win32
		{A9592B40-2082-4895-B946-D6277355B1A2}.ReleaseD|x64.ActiveCfg = Release|x64
		{A9592B40-2082-4895-B946-D6277355B1A2}.ReleaseD|x64.Build.0 = Release|x64
		{A9592B40-2082-4895-B946-D6277355B1A2}.ReleaseD|x86.ActiveCfg = Release|Win32
		{A9592B40-2082-4895-B946-D6277355B1A2}.ReleaseD|x86.Build.0 = Release|Win32
		{A9592B40-2082-4895-B946-D6277355B1A2}.ReleaseOV|x64.ActiveCfg = Release|x64
		{A9592B40-2082-4895-B946-D6277355B1A2}.ReleaseOV|x64.Build.0 = Release|x64
		{A9592B40-2082-4895-B946-D6277355B1A2}.ReleaseOV|x86.ActiveCfg = Release|Win32
		{A9592B40-2082-4895-B946-D6277355B1A2}.ReleaseOV|x86.Build.0 = Release|Win32
		{36D37917-D2FF-45FB-9DFB-63B21393D887}.Debug|x64.ActiveCfg = Debug|x64
		{36D37917-D2FF-45FB-9DFB-63B21393D887}.Debug|x64.Build.0 = Debug|x64
		{36D37917-D2FF-45FB-9DFB-63B21393D887}.Debug|x86.ActiveCfg = Debug|Win32
		{36D37917-D2FF-45FB-9DFB-63B21393D887}.Debug|x86.Build.0 = Debug|Win32
		{36D37917-D2FF-45FB-9DFB-63B21393D887}.Release|x64.ActiveCfg = Release|x64
		{36D37917-D2FF-45FB-9DFB-63B21393D887}.Release|x64.Build.0 = Release|x64
		{36D37917-D2FF-45FB-9DFB-63B21393D887}.Release|x86.ActiveCfg = Release|Win32
		{36D37917-D2FF-45FB-9DFB-63B21393D887}.Release|x86.Build.0 = Release|Win32
		{36D37917-D2FF-45FB-9DFB-63B21393D887}.Release440|x64.ActiveCfg = Release|x64
		{36D37917-D2FF-45FB-9DFB-63B21393D887}.Release440|x64.Build.0 = Release|x64
		{36D37917-D2FF-45FB-9DFB-63B21393D887}.Release440|x86.ActiveCfg = Release|Win32
		{36D37917-D2FF-45FB-9DFB-63B21393D887}.Release440|x86.Build.0 = Release|Win32
		{36D37917-D2FF-45FB-9DFB-63B21393D887}.Release440D|x64.ActiveCfg = Release|x64
		{36D37917-D2FF-45FB-9DFB-63B21393D887}.Release440D|x64.Build.0 = Release|x64
		{36D37917-D2FF-45FB-9DFB-63B21393D887}.Release440D|x86.ActiveCfg = Release|Win32
		{36D37917-D2FF-45FB-9DFB-63B21393D887}.Release440D|x86.Build.0 = Release|Win32
		{36D37917-D2FF-45FB-9DFB-63B21393D887}.ReleaseD|x64.ActiveCfg = Release|x64
		{36D37917-D2FF-45FB-9DFB-63B21393D887}.ReleaseD|x64.Build.0 = Release|x64
		{36D37917-D2FF-45FB-9DFB-63B21393D887}.ReleaseD|x86.ActiveCfg = Release|Win32
		{36D37917-D2FF-45FB-9DFB-63B21393D887}.ReleaseD|x86.Build.0 = Release|Win32
		{36D37917-D2FF-45FB-9DFB-63B21393D887}.ReleaseOV|x64.ActiveCfg = Release|x64
		{36D37917-D2FF-45FB-9DFB-63B21393D887}.ReleaseOV|x64.Build.0 = Release|x64
		{36D37917-D2FF-45FB-9DFB-63B21393D887}.ReleaseOV|x86.ActiveCfg = Release|Win32
		{36D37917-D2FF-45FB-9DFB-63B21393D887}.ReleaseOV|x86.Build.0 = Release|Win32
		{73F79E11-379F-4F81-9EDB-7A2912B3349F}.Debug|x64.ActiveCfg = Release440D|x64
		{73F79E11-379F-4F81-9EDB-7A2912B3349F}.Debug|x64.Build.0 = Release440D|x64
		{73F79E11-379F-4F81-9EDB-7A2912B3349F}.Debug|x86.ActiveCfg = Release440D|Win32
		{73F79E11-379F-4F81-9EDB-7A2912B3349F}.Debug|x86.Build.0 = Release440D|Win32
		{73F79E11-379F-4F81-9EDB-7A2912B3349F}.Release|x64.ActiveCfg = Release|x64
		{73F79E11-379F-4F81-9EDB-7A2912B3349F}.Release|x64.Build.0 = Release|x64
		{73F79E11-379F-4F81-9EDB-7A2912B3349F}.Release|x86.ActiveCfg = Release|Win32
		{73F79E11-379F-4F81-9EDB-7A2912B3349F}.Release|x86.Build.0 = Release|Win32
		{73F79E11-379F-4F81-9EDB-7A2912B3349F}.Release440|x64.ActiveCfg = Release440|x64
		{73F79E11-379F-4F81-9EDB-7A2912B3349F}.Release440|x64.Build.0 = Release440|x64
		{73F79E11-379F-4F81-9EDB-7A2912B3349F}.Release440|x86.ActiveCfg = Release440|Win32
		{73F79E11-379F-4F81-9EDB-7A2912B3349F}.Release440|x86.Build.0 = Release440|Win32
		{73F79E11-379F-4F81-9EDB-7A2912B3349F}.Release440D|x64.ActiveCfg = Release440D|x64
		{73F79E11-379F-4F81-9EDB-7A2912B3349F}.Release440D|x64.Build.0 = Release440D|x64
		{73F79E11-379F-4F81-9EDB-7A2912B3349F}.Release440D|x86.ActiveCfg = Release440D|Win32
		{73F79E11-379F-4F81-9EDB-7A2912B3349F}.Release440D|x86.Build.0 = Release440D|Win32
		{73F79E11-379F-4F81-9EDB-7A2912B3349F}.ReleaseD|x64.ActiveCfg = ReleaseD|x64
		{73F79E11-379F-4F81-9EDB-7A2912B3349F}.ReleaseD|x64.Build.0 = ReleaseD|x64
		{73F79E11-379F-4F81-9EDB-7A2912B3349F}.ReleaseD|x86.ActiveCfg = ReleaseD|Win32
		{73F79E11-379F-4F81-9EDB-7A2912B3349F}.ReleaseD|x86.Build.0 = ReleaseD|Win32
		{73F79E11-379F-4F81-9EDB-7A2912B3349F}.ReleaseOV|x64.ActiveCfg = ReleaseOV|x64
		{73F79E11-379F-4F81-9EDB-7A2912B3349F}.ReleaseOV|x64.Build.0 = ReleaseOV|x64
		{73F79E11-379F-4F81-9EDB-7A2912B3349F}.ReleaseOV|x86.ActiveCfg = ReleaseOV|Win32
		{73F79E11-379F-4F81-9EDB-7A2912B3349F}.ReleaseOV|x86.Build.0 = ReleaseOV|Win32
		{70AB6D97-1E9A-4B3D-A22C-78DDD3BAF83A}.Debug|x64.ActiveCfg = Debug|x64
		{70AB6D97-1E9A-4B3D-A22C-78DDD3BAF83A}.Debug|x64.Build.0 = Debug|x64
		{70AB6D97-1E9A-4B3D-A22C-78DDD3BAF83A}.Debug|x86.ActiveCfg = Debug|Win32
		{70AB6D97-1E9A-4B3D-A22C-78DDD3BAF83A}.Debug|x86.Build.0 = Debug|Win32
		{70AB6D97-1E9A-4B3D-A22C-78DDD3BAF83A}.Release|x64.ActiveCfg = Release|x64
		{70AB6D97-1E9A-4B3D-A22C-78DDD3BAF83A}.Release|x64.Build.0 = Release|x64
		{70AB6D97-1E9A-4B3D-A22C-78DDD3BAF83A}.Release|x86.ActiveCfg = Release|Win32
		{70AB6D97-1E9A-4B3D-A22C-78DDD3BAF83A}.Release|x86.Build.0 = Release|Win32
		{70AB6D97-1E9A-4B3D-A22C-78DDD3BAF83A}.Release440|x64.ActiveCfg = Release|x64
		{70AB6D97-1E9A-4B3D-A22C-78DDD3BAF83A}.Release440|x64.Build.0 = Release|x64
		{70AB6D97-1E9A-4B3D-A22C-78DDD3BAF83A}.Release440|x86.ActiveCfg = Release|Win32
		{70AB6D97-1E9A-4B3D-A22C-78DDD3BAF83A}.Release440|x86.Build.0 = Release|Win32
		{70AB6D97-1E9A-4B3D-A22C-78DDD3BAF83A}.Release440D|x64.ActiveCfg = Release|x64
		{70AB6D97-1E9A-4B3D-A22C-78DDD3BAF83A}.Release440D|x64.Build.0 = Release|x64
		{70AB6D97-1E9A-4B3D-A22C-78DDD3BAF83A}.Release440D|x86.ActiveCfg = Release|Win32
		{70AB6D97-1E9A-4B3D-A22C-78DDD3BAF83A}.Release440D|x86.Build.0 = Release|Win32
		{70AB6D97-1E9A-4B3D-A22C-78DDD3BAF83A}.ReleaseD|x64.ActiveCfg = Release|x64
		{70AB6D97-1E9A-4B3D-A22C-78DDD3BAF83A}.ReleaseD|x64.Build.0 = Release|x64
		{70AB6D97-1E9A-4B3D-A22C-78DDD3BAF83A}.ReleaseD|x86.ActiveCfg = Release|Win32
		{70AB6D97-1E9A-4B3D-A22C-78DDD3BAF83A}.ReleaseD|x86.Build.0 = Release|Win32
		{70AB6D97-1E9A-4B3D-A22C-78DDD3BAF83A}.ReleaseOV|x64.ActiveCfg = Release|x64
		{70AB6D97-1E9A-4B3D-A22C-78DDD3BAF83A}.ReleaseOV|x64.Build.0 = Release|x64
		{70AB6D97-1E9A-4B3D-A22C-78DDD3BAF83A}.ReleaseOV|x86.ActiveCfg = Release|Win32
		{70AB6D97-1E9A-4B3D-A22C-78DDD3BAF83A}.ReleaseOV|x86.Build.0 = Release|Win32
		{ED698562-AF8A-4224-8DB6-184893276E62}.Debug|x64.ActiveCfg = Release440D|x64
		{ED698562-AF8A-4224-8DB6-184893276E62}.Debug|x64.Build.0 = Release440D|x64
		{ED698562-AF8A-4224-8DB6-184893276E62}.Debug|x86.ActiveCfg = Release440D|Win32
		{ED698562-AF8A-4224-8DB6-184893276E62}.Debug|x86.Build.0 = Release440D|Win32
		{ED698562-AF8A-4224-8DB6-184893276E62}.Release|x64.ActiveCfg = Release|x64
		{ED698562-AF8A-4224-8DB6-184893276E62}.Release|x64.Build.0 = Release|x64
		{ED698562-AF8A-4224-8DB6-184893276E62}.Release|x86.ActiveCfg = Release|Win32
		{ED698562-AF8A-4224-8DB6-184893276E62}.Release|x86.Build.0 = Release|Win32
		{ED698562-AF8A-4224-8DB6-184893276E62}.Release440|x64.ActiveCfg = Release440|x64
		{ED698562-AF8A-4224-8DB6-184893276E62}.Release440|x64.Build.0 = Release440|x64
		{ED698562-AF8A-4224-8DB6-184893276E62}.Release440|x86.ActiveCfg = Release440|Win32
		{ED698562-AF8A-4224-8DB6-184893276E62}.Release440|x86.Build.0 = Release440|Win32
		{ED698562-AF8A-4224-8DB6-184893276E62}.Release440D|x64.ActiveCfg = Release440D|x64
		{ED698562-AF8A-4224-8DB6-184893276E62}.Release440D|x64.Build.0 = Release440D|x64
		{ED698562-AF8A-4224-8DB6-184893276E62}.Release440D|x86.ActiveCfg = Release440D|Win32
		{ED698562-AF8A-4224-8DB6-184893276E62}.Release440D|x86.Build.0 = Release440D|Win32
		{ED698562-AF8A-4224-8DB6-184893276E62}.ReleaseD|x64.ActiveCfg = ReleaseD|x64
		{ED698562-AF8A-4224-8DB6-184893276E62}.ReleaseD|x64.Build.0 = ReleaseD|x64
		{ED698562-AF8A-4224-8DB6-184893276E62}.ReleaseD|x86.ActiveCfg = ReleaseD|Win32
		{ED698562-AF8A-4224-8DB6-184893276E62}.ReleaseD|x86.Build.0 = ReleaseD|Win32
		{ED698562-AF8A-4224-8DB6-184893276E62}.ReleaseOV|x64.ActiveCfg = ReleaseOV|x64
		{ED698562-AF8A-4224-8DB6-184893276E62}.ReleaseOV|x64.Build.0 = ReleaseOV|x64
		{ED698562-AF8A-4224-8DB6-184893276E62}.ReleaseOV|x86.ActiveCfg = ReleaseOV|Win32
		{ED698562-AF8A-4224-8DB6-184893276E62}.ReleaseOV|x86.Build.0 = ReleaseOV|Win32
		{15E3BD15-DB51-4D5D-BB97-5EDBEB87F084}.Debug|x64.ActiveCfg = ReleaseD|x64
		{15E3BD15-DB51-4D5D-BB97-5EDBEB87F084}.Debug|x64.Build.0 = ReleaseD|x64
		{15E3BD15-DB51-4D5D-BB97-5EDBEB87F084}.Debug|x86.ActiveCfg = ReleaseD|Win32
		{15E3BD15-DB51-4D5D-BB97-5EDBEB87F084}.Debug|x86.Build.0 = ReleaseD|Win32
		{15E3BD15-DB51-4D5D-BB97-5EDBEB87F084}.Release|x64.ActiveCfg = Release|x64
		{15E3BD15-DB51-4D5D-BB97-5EDBEB87F084}.Release|x64.Build.0 = Release|x64
		{15E3BD15-DB51-4D5D-BB97-5EDBEB87F084}.Release|x86.ActiveCfg = Release|Win32
		{15E3BD15-DB51-4D5D-BB97-5EDBEB87F084}.Release|x86.Build.0 = Release|Win32
		{15E3BD15-DB51-4D5D-BB97-5EDBEB87F084}.Release440|x64.ActiveCfg = ReleaseD|x64
		{15E3BD15-DB51-4D5D-BB97-5EDBEB87F084}.Release440|x64.Build.0 = ReleaseD|x64
		{15E3BD15-DB51-4D5D-BB97-5EDBEB87F084}.Release440|x86.ActiveCfg = ReleaseD|Win32
		{15E3BD15-DB51-4D5D-BB97-5EDBEB87F084}.Release440|x86.Build.0 = ReleaseD|Win32
		{15E3BD15-DB51-4D5D-BB97-5EDBEB87F084}.Release440D|x64.ActiveCfg = ReleaseD|x64
		{15E3BD15-DB51-4D5D-BB97-5EDBEB87F084}.Release440D|x64.Build.0 = ReleaseD|x64
		{15E3BD15-DB51-4D5D-BB97-5EDBEB87F084}.Release440D|x86.ActiveCfg = ReleaseD|Win32
		{15E3BD15-DB51-4D5D-BB97-5EDBEB87F084}.Release440D|x86.Build.0 = ReleaseD|Win32
		{15E3BD15-DB51-4D5D-BB97-5EDBEB87F084}.ReleaseD|x64.ActiveCfg = ReleaseD|x64
		{15E3BD15-DB51-4D5D-BB97-5EDBEB87F084}.ReleaseD|x64.Build.0 = ReleaseD|x64
		{15E3BD15-DB51-4D5D-BB97-5EDBEB87F084}.ReleaseD|x86.ActiveCfg = ReleaseD|Win32
		{15E3BD15-DB51-4D5D-BB97-5EDBEB87F084}.ReleaseD|x86.Build.0 = ReleaseD|Win32
		{15E3BD15-DB51-4D5D-BB97-5EDBEB87F084}.ReleaseOV|x64.ActiveCfg = ReleaseOV|x64
		{15E3BD15-DB51-4D5D-BB97-5EDBEB87F084}.ReleaseOV|x64.Build.0 = ReleaseOV|x64
		{15E3BD15-DB51-4D5D-BB97-5EDBEB87F084}.ReleaseOV|x86.ActiveCfg = ReleaseOV|Win32
		{15E3BD15-DB51-4D5D-BB97-5EDBEB87F084}.ReleaseOV|x86.Build.0 = ReleaseOV|Win32
		{E75F50A6-0162-4162-89E9-B68070367CC1}.Debug|x64.ActiveCfg = ReleaseD|x64
		{E75F50A6-0162-4162-89E9-B68070367CC1}.Debug|x64.Build.0 = ReleaseD|x64
		{E75F50A6-0162-4162-89E9-B68070367CC1}.Debug|x86.ActiveCfg = ReleaseD|Win32
		{E75F50A6-0162-4162-89E9-B68070367CC1}.Debug|x86.Build.0 = ReleaseD|Win32
		{E75F50A6-0162-4162-89E9-B68070367CC1}.Release|x64.ActiveCfg = Release|x64
		{E75F50A6-0162-4162-89E9-B68070367CC1}.Release|x64.Build.0 = Release|x64
		{E75F50A6-0162-4162-89E9-B68070367CC1}.Release|x86.ActiveCfg = Release|Win32
		{E75F50A6-0162-4162-89E9-B68070367CC1}.Release|x86.Build.0 = Release|Win32
		{E75F50A6-0162-4162-89E9-B68070367CC1}.Release440|x64.ActiveCfg = ReleaseD|x64
		{E75F50A6-0162-4162-89E9-B68070367CC1}.Release440|x64.Build.0 = ReleaseD|x64
		{E75F50A6-0162-4162-89E9-B68070367CC1}.Release440|x86.ActiveCfg = ReleaseD|Win32
		{E75F50A6-0162-4162-89E9-B68070367CC1}.Release440|x86.Build.0 = ReleaseD|Win32
		{E75F50A6-0162-4162-89E9-B68070367CC1}.Release440D|x64.ActiveCfg = ReleaseD|x64
		{E75F50A6-0162-4162-89E9-B68070367CC1}.Release440D|x64.Build.0 = ReleaseD|x64
		{E75F50A6-0162-4162-89E9-B68070367CC1}.Release440D|x86.ActiveCfg = ReleaseD|Win32
		{E75F50A6-0162-4162-89E9-B68070367CC1}.Release440D|x86.Build.0 = ReleaseD|Win32
		{E75F50A6-0162-4162-89E9-B68070367CC1}.ReleaseD|x64.ActiveCfg = ReleaseD|x64
		{E75F50A6-0162-4162-89E9-B68070367CC1}.ReleaseD|x64.Build.0 = ReleaseD|x64
		{E75F50A6-0162-4162-89E9-B68070367CC1}.ReleaseD|x86.ActiveCfg = ReleaseD|Win32
		{E75F50A6-0162-4162-89E9-B68070367CC1}.ReleaseD|x86.Build.0 = ReleaseD|Win32
		{E75F50A6-0162-4162-89E9-B68070367CC1}.ReleaseOV|x64.ActiveCfg = ReleaseOV|x64
		{E75F50A6-0162-4162-89E9-B68070367CC1}.ReleaseOV|x64.Build.0 = ReleaseOV|x64
		{E75F50A6-0162-4162-89E9-B68070367CC1}.ReleaseOV|x86.ActiveCfg = ReleaseOV|Win32
		{E75F50A6-0162-4162-89E9-B68070367CC1}.ReleaseOV|x86.Build.0 = ReleaseOV|Win32
	EndGlobalSection
	GlobalSection(SolutionProperties) = preSolution
		HideSolutionNode = FALSE
	EndGlobalSection
	GlobalSection(ExtensibilityGlobals) = postSolution
		SolutionGuid = {0F0D91F5-8611-450C-A1C5-28F2A77924D7}
	EndGlobalSection
EndGlobal
